
Microsoft Visual Studio Solution File, Format Version 12.00
# Visual Studio 15
VisualStudioVersion = 15.0.28307.1082
MinimumVisualStudioVersion = 10.0.40219.1
Project("{8BC9CEB8-8B4A-11D0-8D11-00A0C91BC942}") = "DataContainers", "DataContainers\DataContainers.vcxproj", "{FDE3DFDF-F407-4DA6-9843-FC7AEE78784F}"
EndProject
Project("{8BC9CEB8-8B4A-11D0-8D11-00A0C91BC942}") = "ForwadList", "ForwadList\ForwadList.vcxproj", "{CB68056A-C893-4EA3-9541-8B8CBCF2C035}"
EndProject
Project("{8BC9CEB8-8B4A-11D0-8D11-00A0C91BC942}") = "Exchange", "Exchange\Exchange.vcxproj", "{47F438F4-3EDB-46D7-893A-A946B545418D}"
EndProject
Global
	GlobalSection(SolutionConfigurationPlatforms) = preSolution
		Debug|x64 = Debug|x64
		Debug|x86 = Debug|x86
		Release|x64 = Release|x64
		Release|x86 = Release|x86
	EndGlobalSection
	GlobalSection(ProjectConfigurationPlatforms) = postSolution
		{FDE3DFDF-F407-4DA6-9843-FC7AEE78784F}.Debug|x64.ActiveCfg = Debug|x64
		{FDE3DFDF-F407-4DA6-9843-FC7AEE78784F}.Debug|x64.Build.0 = Debug|x64
		{FDE3DFDF-F407-4DA6-9843-FC7AEE78784F}.Debug|x86.ActiveCfg = Debug|Win32
		{FDE3DFDF-F407-4DA6-9843-FC7AEE78784F}.Debug|x86.Build.0 = Debug|Win32
		{FDE3DFDF-F407-4DA6-9843-FC7AEE78784F}.Release|x64.ActiveCfg = Release|x64
		{FDE3DFDF-F407-4DA6-9843-FC7AEE78784F}.Release|x64.Build.0 = Release|x64
		{FDE3DFDF-F407-4DA6-9843-FC7AEE78784F}.Release|x86.ActiveCfg = Release|Win32
		{FDE3DFDF-F407-4DA6-9843-FC7AEE78784F}.Release|x86.Build.0 = Release|Win32
		{CB68056A-C893-4EA3-9541-8B8CBCF2C035}.Debug|x64.ActiveCfg = Debug|x64
		{CB68056A-C893-4EA3-9541-8B8CBCF2C035}.Debug|x64.Build.0 = Debug|x64
		{CB68056A-C893-4EA3-9541-8B8CBCF2C035}.Debug|x86.ActiveCfg = Debug|Win32
		{CB68056A-C893-4EA3-9541-8B8CBCF2C035}.Debug|x86.Build.0 = Debug|Win32
		{CB68056A-C893-4EA3-9541-8B8CBCF2C035}.Release|x64.ActiveCfg = Release|x64
		{CB68056A-C893-4EA3-9541-8B8CBCF2C035}.Release|x64.Build.0 = Release|x64
		{CB68056A-C893-4EA3-9541-8B8CBCF2C035}.Release|x86.ActiveCfg = Release|Win32
		{CB68056A-C893-4EA3-9541-8B8CBCF2C035}.Release|x86.Build.0 = Release|Win32
		{47F438F4-3EDB-46D7-893A-A946B545418D}.Debug|x64.ActiveCfg = Debug|x64
		{47F438F4-3EDB-46D7-893A-A946B545418D}.Debug|x64.Build.0 = Debug|x64
		{47F438F4-3EDB-46D7-893A-A946B545418D}.Debug|x86.ActiveCfg = Debug|Win32
		{47F438F4-3EDB-46D7-893A-A946B545418D}.Debug|x86.Build.0 = Debug|Win32
		{47F438F4-3EDB-46D7-893A-A946B545418D}.Release|x64.ActiveCfg = Release|x64
		{47F438F4-3EDB-46D7-893A-A946B545418D}.Release|x64.Build.0 = Release|x64
		{47F438F4-3EDB-46D7-893A-A946B545418D}.Release|x86.ActiveCfg = Release|Win32
		{47F438F4-3EDB-46D7-893A-A946B545418D}.Release|x86.Build.0 = Release|Win32
	EndGlobalSection
	GlobalSection(SolutionProperties) = preSolution
		HideSolutionNode = FALSE
	EndGlobalSection
	GlobalSection(ExtensibilityGlobals) = postSolution
		SolutionGuid = {51B2627F-AFCE-4629-85AB-07B386659D88}
	EndGlobalSection
EndGlobal
