
Microsoft Visual Studio Solution File, Format Version 12.00
# Visual Studio 15
VisualStudioVersion = 15.0.28307.1082
MinimumVisualStudioVersion = 10.0.40219.1
Project("{8BC9CEB8-8B4A-11D0-8D11-00A0C91BC942}") = "Polynom", "Polynom\Polynom.vcxproj", "{D907BFE6-313C-442C-8FDE-242204B5C060}"
EndProject
Project("{8BC9CEB8-8B4A-11D0-8D11-00A0C91BC942}") = "PolynomFails", "PolynomFails\PolynomFails.vcxproj", "{D0B48912-B6F7-41B3-9FDE-882CAA5FFEC0}"
EndProject
Project("{8BC9CEB8-8B4A-11D0-8D11-00A0C91BC942}") = "Graph", "Graph\Graph.vcxproj", "{2B3A5AC6-7E68-4DC2-B656-0A687ABB42B1}"
EndProject
Global
	GlobalSection(SolutionConfigurationPlatforms) = preSolution
		Debug|x64 = Debug|x64
		Debug|x86 = Debug|x86
		Release|x64 = Release|x64
		Release|x86 = Release|x86
	EndGlobalSection
	GlobalSection(ProjectConfigurationPlatforms) = postSolution
		{D907BFE6-313C-442C-8FDE-242204B5C060}.Debug|x64.ActiveCfg = Debug|x64
		{D907BFE6-313C-442C-8FDE-242204B5C060}.Debug|x64.Build.0 = Debug|x64
		{D907BFE6-313C-442C-8FDE-242204B5C060}.Debug|x86.ActiveCfg = Debug|Win32
		{D907BFE6-313C-442C-8FDE-242204B5C060}.Debug|x86.Build.0 = Debug|Win32
		{D907BFE6-313C-442C-8FDE-242204B5C060}.Release|x64.ActiveCfg = Release|x64
		{D907BFE6-313C-442C-8FDE-242204B5C060}.Release|x64.Build.0 = Release|x64
		{D907BFE6-313C-442C-8FDE-242204B5C060}.Release|x86.ActiveCfg = Release|Win32
		{D907BFE6-313C-442C-8FDE-242204B5C060}.Release|x86.Build.0 = Release|Win32
		{D0B48912-B6F7-41B3-9FDE-882CAA5FFEC0}.Debug|x64.ActiveCfg = Debug|x64
		{D0B48912-B6F7-41B3-9FDE-882CAA5FFEC0}.Debug|x64.Build.0 = Debug|x64
		{D0B48912-B6F7-41B3-9FDE-882CAA5FFEC0}.Debug|x86.ActiveCfg = Debug|Win32
		{D0B48912-B6F7-41B3-9FDE-882CAA5FFEC0}.Debug|x86.Build.0 = Debug|Win32
		{D0B48912-B6F7-41B3-9FDE-882CAA5FFEC0}.Release|x64.ActiveCfg = Release|x64
		{D0B48912-B6F7-41B3-9FDE-882CAA5FFEC0}.Release|x64.Build.0 = Release|x64
		{D0B48912-B6F7-41B3-9FDE-882CAA5FFEC0}.Release|x86.ActiveCfg = Release|Win32
		{D0B48912-B6F7-41B3-9FDE-882CAA5FFEC0}.Release|x86.Build.0 = Release|Win32
		{2B3A5AC6-7E68-4DC2-B656-0A687ABB42B1}.Debug|x64.ActiveCfg = Debug|x64
		{2B3A5AC6-7E68-4DC2-B656-0A687ABB42B1}.Debug|x64.Build.0 = Debug|x64
		{2B3A5AC6-7E68-4DC2-B656-0A687ABB42B1}.Debug|x86.ActiveCfg = Debug|Win32
		{2B3A5AC6-7E68-4DC2-B656-0A687ABB42B1}.Debug|x86.Build.0 = Debug|Win32
		{2B3A5AC6-7E68-4DC2-B656-0A687ABB42B1}.Release|x64.ActiveCfg = Release|x64
		{2B3A5AC6-7E68-4DC2-B656-0A687ABB42B1}.Release|x64.Build.0 = Release|x64
		{2B3A5AC6-7E68-4DC2-B656-0A687ABB42B1}.Release|x86.ActiveCfg = Release|Win32
		{2B3A5AC6-7E68-4DC2-B656-0A687ABB42B1}.Release|x86.Build.0 = Release|Win32
	EndGlobalSection
	GlobalSection(SolutionProperties) = preSolution
		HideSolutionNode = FALSE
	EndGlobalSection
	GlobalSection(ExtensibilityGlobals) = postSolution
		SolutionGuid = {072A2DB9-A24B-4F7C-A42E-358BDB971E68}
	EndGlobalSection
EndGlobal
